
Microsoft Visual Studio Solution File, Format Version 12.00
# Visual Studio Version 17
VisualStudioVersion = 17.3.32825.248
MinimumVisualStudioVersion = 10.0.40219.1
Project("{FAE04EC0-301F-11D3-BF4B-00C04F79EFBC}") = "Volunteering.API", "Volunteering.API\Volunteering.API.csproj", "{34462FE5-AF44-489F-91F3-101400684F48}"
EndProject
Project("{FAE04EC0-301F-11D3-BF4B-00C04F79EFBC}") = "Volunteering.Migrations", "Volunteering.Migrations\Volunteering.Migrations.csproj", "{7E470993-0B38-4708-9129-7DC0C616054D}"
EndProject
Project("{FAE04EC0-301F-11D3-BF4B-00C04F79EFBC}") = "Volunteering.Framework", "Volunteering.Framework\Volunteering.Framework.csproj", "{E3D15B2E-3553-47F7-A4F5-74FCFF451EFB}"
EndProject
Global
	GlobalSection(SolutionConfigurationPlatforms) = preSolution
		Debug|Any CPU = Debug|Any CPU
		Release|Any CPU = Release|Any CPU
	EndGlobalSection
	GlobalSection(ProjectConfigurationPlatforms) = postSolution
		{34462FE5-AF44-489F-91F3-101400684F48}.Debug|Any CPU.ActiveCfg = Debug|Any CPU
		{34462FE5-AF44-489F-91F3-101400684F48}.Debug|Any CPU.Build.0 = Debug|Any CPU
		{34462FE5-AF44-489F-91F3-101400684F48}.Release|Any CPU.ActiveCfg = Release|Any CPU
		{34462FE5-AF44-489F-91F3-101400684F48}.Release|Any CPU.Build.0 = Release|Any CPU
		{7E470993-0B38-4708-9129-7DC0C616054D}.Debug|Any CPU.ActiveCfg = Debug|Any CPU
		{7E470993-0B38-4708-9129-7DC0C616054D}.Debug|Any CPU.Build.0 = Debug|Any CPU
		{7E470993-0B38-4708-9129-7DC0C616054D}.Release|Any CPU.ActiveCfg = Release|Any CPU
		{7E470993-0B38-4708-9129-7DC0C616054D}.Release|Any CPU.Build.0 = Release|Any CPU
		{E3D15B2E-3553-47F7-A4F5-74FCFF451EFB}.Debug|Any CPU.ActiveCfg = Debug|Any CPU
		{E3D15B2E-3553-47F7-A4F5-74FCFF451EFB}.Debug|Any CPU.Build.0 = Debug|Any CPU
		{E3D15B2E-3553-47F7-A4F5-74FCFF451EFB}.Release|Any CPU.ActiveCfg = Release|Any CPU
		{E3D15B2E-3553-47F7-A4F5-74FCFF451EFB}.Release|Any CPU.Build.0 = Release|Any CPU
	EndGlobalSection
	GlobalSection(SolutionProperties) = preSolution
		HideSolutionNode = FALSE
	EndGlobalSection
	GlobalSection(ExtensibilityGlobals) = postSolution
		SolutionGuid = {1158F7BB-6554-4A8E-862B-5AE5FD5B7367}
	EndGlobalSection
EndGlobal
